// !$*UTF8*$!
{
	archiveVersion = 1;
	classes = {
	};
	objectVersion = 50;
	objects = {

/* Begin PBXBuildFile section */
		1442AECE26A833A80042056D /* AppDelegate.swift in Sources */ = {isa = PBXBuildFile; fileRef = 1442AECD26A833A80042056D /* AppDelegate.swift */; };
		1442AED026A833A80042056D /* SceneDelegate.swift in Sources */ = {isa = PBXBuildFile; fileRef = 1442AECF26A833A80042056D /* SceneDelegate.swift */; };
		1442AED226A833A80042056D /* PryanikyVC.swift in Sources */ = {isa = PBXBuildFile; fileRef = 1442AED126A833A80042056D /* PryanikyVC.swift */; };
		1442AED526A833A80042056D /* Main.storyboard in Resources */ = {isa = PBXBuildFile; fileRef = 1442AED326A833A80042056D /* Main.storyboard */; };
		1442AED726A833AF0042056D /* Assets.xcassets in Resources */ = {isa = PBXBuildFile; fileRef = 1442AED626A833AF0042056D /* Assets.xcassets */; };
		1442AEDA26A833AF0042056D /* LaunchScreen.storyboard in Resources */ = {isa = PBXBuildFile; fileRef = 1442AED826A833AF0042056D /* LaunchScreen.storyboard */; };
		1442AEE726A83E7A0042056D /* PryanikyView.swift in Sources */ = {isa = PBXBuildFile; fileRef = 1442AEE626A83E7A0042056D /* PryanikyView.swift */; };
		1442AEE926A83F0D0042056D /* PryanikyViewModel.swift in Sources */ = {isa = PBXBuildFile; fileRef = 1442AEE826A83F0D0042056D /* PryanikyViewModel.swift */; };
		1442AEEC26A83FAA0042056D /* PryanikyResponse.swift in Sources */ = {isa = PBXBuildFile; fileRef = 1442AEEB26A83FAA0042056D /* PryanikyResponse.swift */; };
		1442AEF426A840520042056D /* PryanikyViewModelType.swift in Sources */ = {isa = PBXBuildFile; fileRef = 1442AEF326A840520042056D /* PryanikyViewModelType.swift */; };
		1442AEF626A8409E0042056D /* NetworkService.swift in Sources */ = {isa = PBXBuildFile; fileRef = 1442AEF526A8409E0042056D /* NetworkService.swift */; };
		1442AEF826A840AE0042056D /* NetworkDataFetcher.swift in Sources */ = {isa = PBXBuildFile; fileRef = 1442AEF726A840AE0042056D /* NetworkDataFetcher.swift */; };
/* End PBXBuildFile section */

/* Begin PBXFileReference section */
		1442AECA26A833A80042056D /* Pryaniky.app */ = {isa = PBXFileReference; explicitFileType = wrapper.application; includeInIndex = 0; path = Pryaniky.app; sourceTree = BUILT_PRODUCTS_DIR; };
		1442AECD26A833A80042056D /* AppDelegate.swift */ = {isa = PBXFileReference; lastKnownFileType = sourcecode.swift; path = AppDelegate.swift; sourceTree = "<group>"; };
		1442AECF26A833A80042056D /* SceneDelegate.swift */ = {isa = PBXFileReference; lastKnownFileType = sourcecode.swift; path = SceneDelegate.swift; sourceTree = "<group>"; };
		1442AED126A833A80042056D /* PryanikyVC.swift */ = {isa = PBXFileReference; lastKnownFileType = sourcecode.swift; path = PryanikyVC.swift; sourceTree = "<group>"; };
		1442AED426A833A80042056D /* Base */ = {isa = PBXFileReference; lastKnownFileType = file.storyboard; name = Base; path = Base.lproj/Main.storyboard; sourceTree = "<group>"; };
		1442AED626A833AF0042056D /* Assets.xcassets */ = {isa = PBXFileReference; lastKnownFileType = folder.assetcatalog; path = Assets.xcassets; sourceTree = "<group>"; };
		1442AED926A833AF0042056D /* Base */ = {isa = PBXFileReference; lastKnownFileType = file.storyboard; name = Base; path = Base.lproj/LaunchScreen.storyboard; sourceTree = "<group>"; };
		1442AEDB26A833AF0042056D /* Info.plist */ = {isa = PBXFileReference; lastKnownFileType = text.plist.xml; path = Info.plist; sourceTree = "<group>"; };
		1442AEE626A83E7A0042056D /* PryanikyView.swift */ = {isa = PBXFileReference; lastKnownFileType = sourcecode.swift; path = PryanikyView.swift; sourceTree = "<group>"; };
		1442AEE826A83F0D0042056D /* PryanikyViewModel.swift */ = {isa = PBXFileReference; lastKnownFileType = sourcecode.swift; path = PryanikyViewModel.swift; sourceTree = "<group>"; };
		1442AEEB26A83FAA0042056D /* PryanikyResponse.swift */ = {isa = PBXFileReference; lastKnownFileType = sourcecode.swift; path = PryanikyResponse.swift; sourceTree = "<group>"; };
		1442AEF326A840520042056D /* PryanikyViewModelType.swift */ = {isa = PBXFileReference; lastKnownFileType = sourcecode.swift; path = PryanikyViewModelType.swift; sourceTree = "<group>"; };
		1442AEF526A8409E0042056D /* NetworkService.swift */ = {isa = PBXFileReference; lastKnownFileType = sourcecode.swift; path = NetworkService.swift; sourceTree = "<group>"; };
		1442AEF726A840AE0042056D /* NetworkDataFetcher.swift */ = {isa = PBXFileReference; lastKnownFileType = sourcecode.swift; path = NetworkDataFetcher.swift; sourceTree = "<group>"; };
/* End PBXFileReference section */

/* Begin PBXFrameworksBuildPhase section */
		1442AEC726A833A80042056D /* Frameworks */ = {
			isa = PBXFrameworksBuildPhase;
			buildActionMask = 2147483647;
			files = (
			);
			runOnlyForDeploymentPostprocessing = 0;
		};
/* End PBXFrameworksBuildPhase section */

/* Begin PBXGroup section */
		1442AEC126A833A80042056D = {
			isa = PBXGroup;
			children = (
				1442AECC26A833A80042056D /* Pryaniky */,
				1442AECB26A833A80042056D /* Products */,
			);
			sourceTree = "<group>";
		};
		1442AECB26A833A80042056D /* Products */ = {
			isa = PBXGroup;
			children = (
				1442AECA26A833A80042056D /* Pryaniky.app */,
			);
			name = Products;
			sourceTree = "<group>";
		};
		1442AECC26A833A80042056D /* Pryaniky */ = {
			isa = PBXGroup;
			children = (
				1442AEE526A837410042056D /* PryanikyModule */,
				1442AEE326A836FE0042056D /* App */,
			);
			path = Pryaniky;
			sourceTree = "<group>";
		};
		1442AEE126A833BB0042056D /* App Delegates */ = {
			isa = PBXGroup;
			children = (
				1442AECD26A833A80042056D /* AppDelegate.swift */,
				1442AECF26A833A80042056D /* SceneDelegate.swift */,
			);
			path = "App Delegates";
			sourceTree = "<group>";
		};
		1442AEE226A834200042056D /* Supporting */ = {
			isa = PBXGroup;
			children = (
				1442AED626A833AF0042056D /* Assets.xcassets */,
				1442AEDB26A833AF0042056D /* Info.plist */,
			);
			path = Supporting;
			sourceTree = "<group>";
		};
		1442AEE326A836FE0042056D /* App */ = {
			isa = PBXGroup;
			children = (
				1442AEE426A837240042056D /* LaunchScreen */,
				1442AEE226A834200042056D /* Supporting */,
				1442AEE126A833BB0042056D /* App Delegates */,
			);
			path = App;
			sourceTree = "<group>";
		};
		1442AEE426A837240042056D /* LaunchScreen */ = {
			isa = PBXGroup;
			children = (
				1442AED826A833AF0042056D /* LaunchScreen.storyboard */,
			);
			path = LaunchScreen;
			sourceTree = "<group>";
		};
		1442AEE526A837410042056D /* PryanikyModule */ = {
			isa = PBXGroup;
			children = (
				1442AEF226A840380042056D /* Contract */,
				1442AEF126A8402F0042056D /* Model */,
				1442AEF026A840210042056D /* ViewModel */,
				1442AEEF26A840060042056D /* Managers */,
				1442AEEE26A83FF60042056D /* View */,
				1442AEED26A83FDA0042056D /* Controller */,
			);
			path = PryanikyModule;
			sourceTree = "<group>";
		};
		1442AEEA26A83F280042056D /* Networking */ = {
			isa = PBXGroup;
			children = (
				1442AEF526A8409E0042056D /* NetworkService.swift */,
				1442AEF726A840AE0042056D /* NetworkDataFetcher.swift */,
			);
			path = Networking;
			sourceTree = "<group>";
		};
		1442AEED26A83FDA0042056D /* Controller */ = {
			isa = PBXGroup;
			children = (
				1442AED326A833A80042056D /* Main.storyboard */,
				1442AED126A833A80042056D /* PryanikyVC.swift */,
			);
			path = Controller;
			sourceTree = "<group>";
		};
		1442AEEE26A83FF60042056D /* View */ = {
			isa = PBXGroup;
			children = (
				1442AEE626A83E7A0042056D /* PryanikyView.swift */,
			);
			path = View;
			sourceTree = "<group>";
		};
		1442AEEF26A840060042056D /* Managers */ = {
			isa = PBXGroup;
			children = (
				1442AEEA26A83F280042056D /* Networking */,
			);
			path = Managers;
			sourceTree = "<group>";
		};
		1442AEF026A840210042056D /* ViewModel */ = {
			isa = PBXGroup;
			children = (
				1442AEE826A83F0D0042056D /* PryanikyViewModel.swift */,
			);
			path = ViewModel;
			sourceTree = "<group>";
		};
		1442AEF126A8402F0042056D /* Model */ = {
			isa = PBXGroup;
			children = (
				1442AEEB26A83FAA0042056D /* PryanikyResponse.swift */,
			);
			path = Model;
			sourceTree = "<group>";
		};
		1442AEF226A840380042056D /* Contract */ = {
			isa = PBXGroup;
			children = (
				1442AEF326A840520042056D /* PryanikyViewModelType.swift */,
			);
			path = Contract;
			sourceTree = "<group>";
		};
/* End PBXGroup section */

/* Begin PBXNativeTarget section */
		1442AEC926A833A80042056D /* Pryaniky */ = {
			isa = PBXNativeTarget;
			buildConfigurationList = 1442AEDE26A833AF0042056D /* Build configuration list for PBXNativeTarget "Pryaniky" */;
			buildPhases = (
				1442AEC626A833A80042056D /* Sources */,
				1442AEC726A833A80042056D /* Frameworks */,
				1442AEC826A833A80042056D /* Resources */,
			);
			buildRules = (
			);
			dependencies = (
			);
			name = Pryaniky;
			productName = Pryaniky;
			productReference = 1442AECA26A833A80042056D /* Pryaniky.app */;
			productType = "com.apple.product-type.application";
		};
/* End PBXNativeTarget section */

/* Begin PBXProject section */
		1442AEC226A833A80042056D /* Project object */ = {
			isa = PBXProject;
			attributes = {
				LastSwiftUpdateCheck = 1250;
				LastUpgradeCheck = 1250;
				TargetAttributes = {
					1442AEC926A833A80042056D = {
						CreatedOnToolsVersion = 12.5.1;
					};
				};
			};
			buildConfigurationList = 1442AEC526A833A80042056D /* Build configuration list for PBXProject "Pryaniky" */;
			compatibilityVersion = "Xcode 9.3";
			developmentRegion = en;
			hasScannedForEncodings = 0;
			knownRegions = (
				en,
				Base,
			);
			mainGroup = 1442AEC126A833A80042056D;
			productRefGroup = 1442AECB26A833A80042056D /* Products */;
			projectDirPath = "";
			projectRoot = "";
			targets = (
				1442AEC926A833A80042056D /* Pryaniky */,
			);
		};
/* End PBXProject section */

/* Begin PBXResourcesBuildPhase section */
		1442AEC826A833A80042056D /* Resources */ = {
			isa = PBXResourcesBuildPhase;
			buildActionMask = 2147483647;
			files = (
				1442AEDA26A833AF0042056D /* LaunchScreen.storyboard in Resources */,
				1442AED726A833AF0042056D /* Assets.xcassets in Resources */,
				1442AED526A833A80042056D /* Main.storyboard in Resources */,
			);
			runOnlyForDeploymentPostprocessing = 0;
		};
/* End PBXResourcesBuildPhase section */

/* Begin PBXSourcesBuildPhase section */
		1442AEC626A833A80042056D /* Sources */ = {
			isa = PBXSourcesBuildPhase;
			buildActionMask = 2147483647;
			files = (
				1442AEE926A83F0D0042056D /* PryanikyViewModel.swift in Sources */,
				1442AED226A833A80042056D /* PryanikyVC.swift in Sources */,
				1442AEF626A8409E0042056D /* NetworkService.swift in Sources */,
				1442AEF426A840520042056D /* PryanikyViewModelType.swift in Sources */,
				1442AEEC26A83FAA0042056D /* PryanikyResponse.swift in Sources */,
				1442AECE26A833A80042056D /* AppDelegate.swift in Sources */,
				1442AEF826A840AE0042056D /* NetworkDataFetcher.swift in Sources */,
				1442AED026A833A80042056D /* SceneDelegate.swift in Sources */,
				1442AEE726A83E7A0042056D /* PryanikyView.swift in Sources */,
			);
			runOnlyForDeploymentPostprocessing = 0;
		};
/* End PBXSourcesBuildPhase section */

/* Begin PBXVariantGroup section */
		1442AED326A833A80042056D /* Main.storyboard */ = {
			isa = PBXVariantGroup;
			children = (
				1442AED426A833A80042056D /* Base */,
			);
			name = Main.storyboard;
			sourceTree = "<group>";
		};
		1442AED826A833AF0042056D /* LaunchScreen.storyboard */ = {
			isa = PBXVariantGroup;
			children = (
				1442AED926A833AF0042056D /* Base */,
			);
			name = LaunchScreen.storyboard;
			sourceTree = "<group>";
		};
/* End PBXVariantGroup section */

/* Begin XCBuildConfiguration section */
		1442AEDC26A833AF0042056D /* Debug */ = {
			isa = XCBuildConfiguration;
			buildSettings = {
				ALWAYS_SEARCH_USER_PATHS = NO;
				CLANG_ANALYZER_NONNULL = YES;
				CLANG_ANALYZER_NUMBER_OBJECT_CONVERSION = YES_AGGRESSIVE;
				CLANG_CXX_LANGUAGE_STANDARD = "gnu++14";
				CLANG_CXX_LIBRARY = "libc++";
				CLANG_ENABLE_MODULES = YES;
				CLANG_ENABLE_OBJC_ARC = YES;
				CLANG_ENABLE_OBJC_WEAK = YES;
				CLANG_WARN_BLOCK_CAPTURE_AUTORELEASING = YES;
				CLANG_WARN_BOOL_CONVERSION = YES;
				CLANG_WARN_COMMA = YES;
				CLANG_WARN_CONSTANT_CONVERSION = YES;
				CLANG_WARN_DEPRECATED_OBJC_IMPLEMENTATIONS = YES;
				CLANG_WARN_DIRECT_OBJC_ISA_USAGE = YES_ERROR;
				CLANG_WARN_DOCUMENTATION_COMMENTS = YES;
				CLANG_WARN_EMPTY_BODY = YES;
				CLANG_WARN_ENUM_CONVERSION = YES;
				CLANG_WARN_INFINITE_RECURSION = YES;
				CLANG_WARN_INT_CONVERSION = YES;
				CLANG_WARN_NON_LITERAL_NULL_CONVERSION = YES;
				CLANG_WARN_OBJC_IMPLICIT_RETAIN_SELF = YES;
				CLANG_WARN_OBJC_LITERAL_CONVERSION = YES;
				CLANG_WARN_OBJC_ROOT_CLASS = YES_ERROR;
				CLANG_WARN_QUOTED_INCLUDE_IN_FRAMEWORK_HEADER = YES;
				CLANG_WARN_RANGE_LOOP_ANALYSIS = YES;
				CLANG_WARN_STRICT_PROTOTYPES = YES;
				CLANG_WARN_SUSPICIOUS_MOVE = YES;
				CLANG_WARN_UNGUARDED_AVAILABILITY = YES_AGGRESSIVE;
				CLANG_WARN_UNREACHABLE_CODE = YES;
				CLANG_WARN__DUPLICATE_METHOD_MATCH = YES;
				COPY_PHASE_STRIP = NO;
				DEBUG_INFORMATION_FORMAT = dwarf;
				ENABLE_STRICT_OBJC_MSGSEND = YES;
				ENABLE_TESTABILITY = YES;
				GCC_C_LANGUAGE_STANDARD = gnu11;
				GCC_DYNAMIC_NO_PIC = NO;
				GCC_NO_COMMON_BLOCKS = YES;
				GCC_OPTIMIZATION_LEVEL = 0;
				GCC_PREPROCESSOR_DEFINITIONS = (
					"DEBUG=1",
					"$(inherited)",
				);
				GCC_WARN_64_TO_32_BIT_CONVERSION = YES;
				GCC_WARN_ABOUT_RETURN_TYPE = YES_ERROR;
				GCC_WARN_UNDECLARED_SELECTOR = YES;
				GCC_WARN_UNINITIALIZED_AUTOS = YES_AGGRESSIVE;
				GCC_WARN_UNUSED_FUNCTION = YES;
				GCC_WARN_UNUSED_VARIABLE = YES;
				IPHONEOS_DEPLOYMENT_TARGET = 14.5;
				MTL_ENABLE_DEBUG_INFO = INCLUDE_SOURCE;
				MTL_FAST_MATH = YES;
				ONLY_ACTIVE_ARCH = YES;
				SDKROOT = iphoneos;
				SWIFT_ACTIVE_COMPILATION_CONDITIONS = DEBUG;
				SWIFT_OPTIMIZATION_LEVEL = "-Onone";
			};
			name = Debug;
		};
		1442AEDD26A833AF0042056D /* Release */ = {
			isa = XCBuildConfiguration;
			buildSettings = {
				ALWAYS_SEARCH_USER_PATHS = NO;
				CLANG_ANALYZER_NONNULL = YES;
				CLANG_ANALYZER_NUMBER_OBJECT_CONVERSION = YES_AGGRESSIVE;
				CLANG_CXX_LANGUAGE_STANDARD = "gnu++14";
				CLANG_CXX_LIBRARY = "libc++";
				CLANG_ENABLE_MODULES = YES;
				CLANG_ENABLE_OBJC_ARC = YES;
				CLANG_ENABLE_OBJC_WEAK = YES;
				CLANG_WARN_BLOCK_CAPTURE_AUTORELEASING = YES;
				CLANG_WARN_BOOL_CONVERSION = YES;
				CLANG_WARN_COMMA = YES;
				CLANG_WARN_CONSTANT_CONVERSION = YES;
				CLANG_WARN_DEPRECATED_OBJC_IMPLEMENTATIONS = YES;
				CLANG_WARN_DIRECT_OBJC_ISA_USAGE = YES_ERROR;
				CLANG_WARN_DOCUMENTATION_COMMENTS = YES;
				CLANG_WARN_EMPTY_BODY = YES;
				CLANG_WARN_ENUM_CONVERSION = YES;
				CLANG_WARN_INFINITE_RECURSION = YES;
				CLANG_WARN_INT_CONVERSION = YES;
				CLANG_WARN_NON_LITERAL_NULL_CONVERSION = YES;
				CLANG_WARN_OBJC_IMPLICIT_RETAIN_SELF = YES;
				CLANG_WARN_OBJC_LITERAL_CONVERSION = YES;
				CLANG_WARN_OBJC_ROOT_CLASS = YES_ERROR;
				CLANG_WARN_QUOTED_INCLUDE_IN_FRAMEWORK_HEADER = YES;
				CLANG_WARN_RANGE_LOOP_ANALYSIS = YES;
				CLANG_WARN_STRICT_PROTOTYPES = YES;
				CLANG_WARN_SUSPICIOUS_MOVE = YES;
				CLANG_WARN_UNGUARDED_AVAILABILITY = YES_AGGRESSIVE;
				CLANG_WARN_UNREACHABLE_CODE = YES;
				CLANG_WARN__DUPLICATE_METHOD_MATCH = YES;
				COPY_PHASE_STRIP = NO;
				DEBUG_INFORMATION_FORMAT = "dwarf-with-dsym";
				ENABLE_NS_ASSERTIONS = NO;
				ENABLE_STRICT_OBJC_MSGSEND = YES;
				GCC_C_LANGUAGE_STANDARD = gnu11;
				GCC_NO_COMMON_BLOCKS = YES;
				GCC_WARN_64_TO_32_BIT_CONVERSION = YES;
				GCC_WARN_ABOUT_RETURN_TYPE = YES_ERROR;
				GCC_WARN_UNDECLARED_SELECTOR = YES;
				GCC_WARN_UNINITIALIZED_AUTOS = YES_AGGRESSIVE;
				GCC_WARN_UNUSED_FUNCTION = YES;
				GCC_WARN_UNUSED_VARIABLE = YES;
				IPHONEOS_DEPLOYMENT_TARGET = 14.5;
				MTL_ENABLE_DEBUG_INFO = NO;
				MTL_FAST_MATH = YES;
				SDKROOT = iphoneos;
				SWIFT_COMPILATION_MODE = wholemodule;
				SWIFT_OPTIMIZATION_LEVEL = "-O";
				VALIDATE_PRODUCT = YES;
			};
			name = Release;
		};
		1442AEDF26A833AF0042056D /* Debug */ = {
			isa = XCBuildConfiguration;
			buildSettings = {
				ASSETCATALOG_COMPILER_APPICON_NAME = AppIcon;
				ASSETCATALOG_COMPILER_GLOBAL_ACCENT_COLOR_NAME = AccentColor;
				CODE_SIGN_STYLE = Automatic;
				DEVELOPMENT_TEAM = 68FXT4UH73;
				INFOPLIST_FILE = Pryaniky/App/Supporting/Info.plist;
				LD_RUNPATH_SEARCH_PATHS = (
					"$(inherited)",
					"@executable_path/Frameworks",
				);
				PRODUCT_BUNDLE_IDENTIFIER = ru.egorskikh.Pryaniky;
				PRODUCT_NAME = "$(TARGET_NAME)";
				SWIFT_VERSION = 5.0;
				TARGETED_DEVICE_FAMILY = "1,2";
			};
			name = Debug;
		};
		1442AEE026A833AF0042056D /* Release */ = {
			isa = XCBuildConfiguration;
			buildSettings = {
				ASSETCATALOG_COMPILER_APPICON_NAME = AppIcon;
				ASSETCATALOG_COMPILER_GLOBAL_ACCENT_COLOR_NAME = AccentColor;
				CODE_SIGN_STYLE = Automatic;
				DEVELOPMENT_TEAM = 68FXT4UH73;
				INFOPLIST_FILE = Pryaniky/App/Supporting/Info.plist;
				LD_RUNPATH_SEARCH_PATHS = (
					"$(inherited)",
					"@executable_path/Frameworks",
				);
				PRODUCT_BUNDLE_IDENTIFIER = ru.egorskikh.Pryaniky;
				PRODUCT_NAME = "$(TARGET_NAME)";
				SWIFT_VERSION = 5.0;
				TARGETED_DEVICE_FAMILY = "1,2";
			};
			name = Release;
		};
/* End XCBuildConfiguration section */

/* Begin XCConfigurationList section */
		1442AEC526A833A80042056D /* Build configuration list for PBXProject "Pryaniky" */ = {
			isa = XCConfigurationList;
			buildConfigurations = (
				1442AEDC26A833AF0042056D /* Debug */,
				1442AEDD26A833AF0042056D /* Release */,
			);
			defaultConfigurationIsVisible = 0;
			defaultConfigurationName = Release;
		};
		1442AEDE26A833AF0042056D /* Build configuration list for PBXNativeTarget "Pryaniky" */ = {
			isa = XCConfigurationList;
			buildConfigurations = (
				1442AEDF26A833AF0042056D /* Debug */,
				1442AEE026A833AF0042056D /* Release */,
			);
			defaultConfigurationIsVisible = 0;
			defaultConfigurationName = Release;
		};
/* End XCConfigurationList section */
	};
	rootObject = 1442AEC226A833A80042056D /* Project object */;
}
